
Microsoft Visual Studio Solution File, Format Version 12.00
# Visual Studio Version 17
VisualStudioVersion = 17.8.34330.188
MinimumVisualStudioVersion = 10.0.40219.1
Project("{2150E333-8FDC-42A3-9474-1A3956D46DE8}") = "Solution Items", "Solution Items", "{8C4581C0-1AB2-4CC6-B487-11218D859388}"
	ProjectSection(SolutionItems) = preProject
		.gitignore = .gitignore
		Notes.txt = Notes.txt
		README.md = README.md
	EndProjectSection
EndProject
Project("{2150E333-8FDC-42A3-9474-1A3956D46DE8}") = "images", "images", "{324CB9E3-7265-45CB-B509-42F314A32F91}"
	ProjectSection(SolutionItems) = preProject
		images\double_chamber_7ADAD.png = images\double_chamber_7ADAD.png
		images\double_chamber_7ADAD_edit.png = images\double_chamber_7ADAD_edit.png
		images\plasma_room_7D2AA.png = images\plasma_room_7D2AA.png
		images\plasma_room_7D2AA_edit.png = images\plasma_room_7D2AA_edit.png
		images\plasma_room_7D2AA_old.png = images\plasma_room_7D2AA_old.png
		images\spore_spawn_super_room_79B5B.png = images\spore_spawn_super_room_79B5B.png
		images\spore_spawn_super_room_79B5B_edit.png = images\spore_spawn_super_room_79B5B_edit.png
		images\tourian_escape_room_4_7D54D.png = images\tourian_escape_room_4_7D54D.png
		images\tourian_escape_room_4_7D54D_edit.png = images\tourian_escape_room_4_7D54D_edit.png
		images\west_ocean_793FE.png = images\west_ocean_793FE.png
		images\west_ocean_793FE_edit.png = images\west_ocean_793FE_edit.png
		images\west_ocean_793FE_old.png = images\west_ocean_793FE_old.png
	EndProjectSection
EndProject
Project("{2150E333-8FDC-42A3-9474-1A3956D46DE8}") = "ips", "ips", "{816C7BA3-0106-4A5B-98EF-E526600FD2D0}"
	ProjectSection(SolutionItems) = preProject
		ips\cool_item_rooms.ips = ips\cool_item_rooms.ips
		ips\double_chamber.ips = ips\double_chamber.ips
		ips\double_chamber_old.ips = ips\double_chamber_old.ips
		ips\plasma_room.ips = ips\plasma_room.ips
		ips\plasma_room_old.ips = ips\plasma_room_old.ips
		ips\spore_spawn_super_room.ips = ips\spore_spawn_super_room.ips
		ips\spore_spawn_super_room_old.ips = ips\spore_spawn_super_room_old.ips
		ips\tourian_escape_room_4.ips = ips\tourian_escape_room_4.ips
		ips\tourian_escape_room_4_old.ips = ips\tourian_escape_room_4_old.ips
		ips\west_ocean.ips = ips\west_ocean.ips
		ips\west_ocean_old.ips = ips\west_ocean_old.ips
	EndProjectSection
EndProject
Project("{2150E333-8FDC-42A3-9474-1A3956D46DE8}") = "sfc", "sfc", "{1C5B80C5-30E4-43D0-BB47-A3C9F60A138E}"
	ProjectSection(SolutionItems) = preProject
		sfc\cool_item_rooms.sfc = sfc\cool_item_rooms.sfc
		sfc\double_chamber.sfc = sfc\double_chamber.sfc
		sfc\double_chamber_old.sfc = sfc\double_chamber_old.sfc
		sfc\plasma_room.sfc = sfc\plasma_room.sfc
		sfc\plasma_room_old.sfc = sfc\plasma_room_old.sfc
		sfc\spore_spawn_super_room.sfc = sfc\spore_spawn_super_room.sfc
		sfc\spore_spawn_super_room_old.sfc = sfc\spore_spawn_super_room_old.sfc
		sfc\Super Metroid Arcade 5 Rooms Edited.sfc = sfc\Super Metroid Arcade 5 Rooms Edited.sfc
		sfc\tourian_escape_room_4.sfc = sfc\tourian_escape_room_4.sfc
		sfc\tourian_escape_room_4_old.sfc = sfc\tourian_escape_room_4_old.sfc
		sfc\west_ocean.sfc = sfc\west_ocean.sfc
	EndProjectSection
EndProject
Global
	GlobalSection(SolutionProperties) = preSolution
		HideSolutionNode = FALSE
	EndGlobalSection
	GlobalSection(ExtensibilityGlobals) = postSolution
		SolutionGuid = {A928CA3B-5CB6-405E-A922-78260501A055}
	EndGlobalSection
EndGlobal
